[[package]]
name = "astroid"
version = "2.5.6"
description = "An abstract syntax tree for Python with inference support."
category = "dev"
optional = false
python-versions = "~=3.6"

[package.dependencies]
lazy-object-proxy = ">=1.4.0"
wrapt = ">=1.11,<1.13"

[[package]]
name = "atomicwrites"
version = "1.4.0"
description = "Atomic file writes."
category = "dev"
optional = false
python-versions = ">=2.7, !=3.0.*, !=3.1.*, !=3.2.*, !=3.3.*"

[[package]]
name = "attrs"
version = "21.2.0"
description = "Classes Without Boilerplate"
category = "dev"
optional = false
python-versions = ">=2.7, !=3.0.*, !=3.1.*, !=3.2.*, !=3.3.*, !=3.4.*"

[package.extras]
dev = ["coverage[toml] (>=5.0.2)", "hypothesis", "pympler", "pytest (>=4.3.0)", "six", "mypy", "pytest-mypy-plugins", "zope.interface", "furo", "sphinx", "sphinx-notfound-page", "pre-commit"]
docs = ["furo", "sphinx", "zope.interface", "sphinx-notfound-page"]
tests = ["coverage[toml] (>=5.0.2)", "hypothesis", "pympler", "pytest (>=4.3.0)", "six", "mypy", "pytest-mypy-plugins", "zope.interface"]
tests_no_zope = ["coverage[toml] (>=5.0.2)", "hypothesis", "pympler", "pytest (>=4.3.0)", "six", "mypy", "pytest-mypy-plugins"]

[[package]]
name = "autopep8"
version = "1.5.7"
description = "A tool that automatically formats Python code to conform to the PEP 8 style guide"
category = "dev"
optional = false
python-versions = "*"

[package.dependencies]
pycodestyle = ">=2.7.0"
toml = "*"

[[package]]
name = "certifi"
version = "2020.12.5"
description = "Python package for providing Mozilla's CA Bundle."
category = "main"
optional = false
python-versions = "*"

[[package]]
name = "chardet"
version = "4.0.0"
description = "Universal encoding detector for Python 2 and 3"
category = "main"
optional = false
python-versions = ">=2.7, !=3.0.*, !=3.1.*, !=3.2.*, !=3.3.*, !=3.4.*"

[[package]]
name = "click"
version = "7.1.2"
description = "Composable command line interface toolkit"
category = "main"
optional = false
python-versions = ">=2.7, !=3.0.*, !=3.1.*, !=3.2.*, !=3.3.*, !=3.4.*"

[[package]]
name = "colorama"
version = "0.4.4"
description = "Cross-platform colored terminal text."
category = "dev"
optional = false
python-versions = ">=2.7, !=3.0.*, !=3.1.*, !=3.2.*, !=3.3.*, !=3.4.*"

[[package]]
name = "dnspython"
version = "1.16.0"
description = "DNS toolkit"
category = "main"
optional = false
python-versions = ">=2.7, !=3.0.*, !=3.1.*, !=3.2.*, !=3.3.*"

[package.extras]
DNSSEC = ["pycryptodome", "ecdsa (>=0.13)"]
IDNA = ["idna (>=2.1)"]

[[package]]
name = "flask"
version = "1.1.4"
description = "A simple framework for building complex web applications."
category = "main"
optional = false
python-versions = ">=2.7, !=3.0.*, !=3.1.*, !=3.2.*, !=3.3.*, !=3.4.*"

[package.dependencies]
click = ">=5.1,<8.0"
itsdangerous = ">=0.24,<2.0"
Jinja2 = ">=2.10.1,<3.0"
Werkzeug = ">=0.15,<2.0"

[package.extras]
dev = ["pytest", "coverage", "tox", "sphinx", "pallets-sphinx-themes", "sphinxcontrib-log-cabinet", "sphinx-issues"]
docs = ["sphinx", "pallets-sphinx-themes", "sphinxcontrib-log-cabinet", "sphinx-issues"]
dotenv = ["python-dotenv"]

[[package]]
name = "flask-login"
version = "0.5.0"
description = "User session management for Flask"
category = "main"
optional = false
python-versions = "*"

[package.dependencies]
Flask = "*"

[[package]]
name = "gunicorn"
version = "20.1.0"
description = "WSGI HTTP Server for UNIX"
category = "main"
optional = false
python-versions = ">=3.5"

[package.extras]
eventlet = ["eventlet (>=0.24.1)"]
gevent = ["gevent (>=1.4.0)"]
setproctitle = ["setproctitle"]
tornado = ["tornado (>=0.2)"]

[[package]]
name = "idna"
version = "2.10"
description = "Internationalized Domain Names in Applications (IDNA)"
category = "main"
optional = false
python-versions = ">=2.7, !=3.0.*, !=3.1.*, !=3.2.*, !=3.3.*"

[[package]]
name = "iniconfig"
version = "1.1.1"
description = "iniconfig: brain-dead simple config-ini parsing"
category = "dev"
optional = false
python-versions = "*"

[[package]]
name = "isort"
version = "5.8.0"
description = "A Python utility / library to sort Python imports."
category = "dev"
optional = false
python-versions = ">=3.6,<4.0"

[package.extras]
pipfile_deprecated_finder = ["pipreqs", "requirementslib"]
requirements_deprecated_finder = ["pipreqs", "pip-api"]
colors = ["colorama (>=0.4.3,<0.5.0)"]

[[package]]
name = "itsdangerous"
version = "1.1.0"
description = "Various helpers to pass data to untrusted environments and back."
category = "main"
optional = false
python-versions = ">=2.7, !=3.0.*, !=3.1.*, !=3.2.*, !=3.3.*"

[[package]]
name = "jinja2"
version = "2.11.3"
description = "A very fast and expressive template engine."
category = "main"
optional = false
python-versions = ">=2.7, !=3.0.*, !=3.1.*, !=3.2.*, !=3.3.*, !=3.4.*"

[package.dependencies]
MarkupSafe = ">=0.23"

[package.extras]
i18n = ["Babel (>=0.8)"]

[[package]]
name = "lazy-object-proxy"
version = "1.6.0"
description = "A fast and thorough lazy object proxy."
category = "dev"
optional = false
python-versions = ">=2.7, !=3.0.*, !=3.1.*, !=3.2.*, !=3.3.*, !=3.4.*, !=3.5.*"

[[package]]
name = "markupsafe"
version = "2.0.1"
description = "Safely add untrusted strings to HTML/XML markup."
category = "main"
optional = false
python-versions = ">=3.6"

[[package]]
name = "mccabe"
version = "0.6.1"
description = "McCabe checker, plugin for flake8"
category = "dev"
optional = false
python-versions = "*"

[[package]]
name = "oauthlib"
version = "3.1.1"
description = "A generic, spec-compliant, thorough implementation of the OAuth request-signing logic"
category = "main"
optional = false
python-versions = ">=3.6"

[package.extras]
rsa = ["cryptography (>=3.0.0,<4)"]
signals = ["blinker (>=1.4.0)"]
signedtoken = ["cryptography (>=3.0.0,<4)", "pyjwt (>=2.0.0,<3)"]

[[package]]
name = "packaging"
version = "20.9"
description = "Core utilities for Python packages"
category = "dev"
optional = false
python-versions = ">=2.7, !=3.0.*, !=3.1.*, !=3.2.*, !=3.3.*"

[package.dependencies]
pyparsing = ">=2.0.2"

[[package]]
name = "pluggy"
version = "0.13.1"
description = "plugin and hook calling mechanisms for python"
category = "dev"
optional = false
python-versions = ">=2.7, !=3.0.*, !=3.1.*, !=3.2.*, !=3.3.*"

[package.extras]
dev = ["pre-commit", "tox"]

[[package]]
name = "py"
version = "1.10.0"
description = "library with cross-python path, ini-parsing, io, code, log facilities"
category = "dev"
optional = false
python-versions = ">=2.7, !=3.0.*, !=3.1.*, !=3.2.*, !=3.3.*"

[[package]]
name = "pycodestyle"
version = "2.7.0"
description = "Python style guide checker"
category = "dev"
optional = false
python-versions = ">=2.7, !=3.0.*, !=3.1.*, !=3.2.*, !=3.3.*"

[[package]]
name = "pylint"
version = "2.8.2"
description = "python code static checker"
category = "dev"
optional = false
python-versions = "~=3.6"

[package.dependencies]
astroid = ">=2.5.6,<2.7"
colorama = {version = "*", markers = "sys_platform == \"win32\""}
isort = ">=4.2.5,<6"
mccabe = ">=0.6,<0.7"
toml = ">=0.7.1"

[[package]]
name = "pymongo"
version = "3.12.1"
description = "Python driver for MongoDB <http://www.mongodb.org>"
category = "main"
optional = false
python-versions = "*"

[package.dependencies]
dnspython = {version = ">=1.16.0,<1.17.0", optional = true, markers = "extra == \"srv\""}

[package.extras]
aws = ["pymongo-auth-aws (<2.0.0)"]
encryption = ["pymongocrypt (>=1.1.0,<2.0.0)"]
gssapi = ["pykerberos"]
ocsp = ["pyopenssl (>=17.2.0)", "requests (<3.0.0)", "service-identity (>=18.1.0)", "certifi"]
snappy = ["python-snappy"]
srv = ["dnspython (>=1.16.0,<1.17.0)"]
tls = ["ipaddress"]
zstd = ["zstandard"]

[[package]]
name = "pyparsing"
version = "2.4.7"
description = "Python parsing module"
category = "dev"
optional = false
python-versions = ">=2.6, !=3.0.*, !=3.1.*, !=3.2.*"

[[package]]
name = "pytest"
version = "6.2.4"
description = "pytest: simple powerful testing with Python"
category = "dev"
optional = false
python-versions = ">=3.6"

[package.dependencies]
atomicwrites = {version = ">=1.0", markers = "sys_platform == \"win32\""}
attrs = ">=19.2.0"
colorama = {version = "*", markers = "sys_platform == \"win32\""}
iniconfig = "*"
packaging = "*"
pluggy = ">=0.12,<1.0.0a1"
py = ">=1.8.2"
toml = "*"

[package.extras]
testing = ["argcomplete", "hypothesis (>=3.56)", "mock", "nose", "requests", "xmlschema"]

[[package]]
name = "python-dotenv"
version = "0.14.0"
description = "Add .env support to your django/flask apps in development and deployments"
category = "main"
optional = false
python-versions = "*"

[package.extras]
cli = ["click (>=5.0)"]

[[package]]
name = "requests"
version = "2.25.1"
description = "Python HTTP for Humans."
category = "main"
optional = false
python-versions = ">=2.7, !=3.0.*, !=3.1.*, !=3.2.*, !=3.3.*, !=3.4.*"

[package.dependencies]
certifi = ">=2017.4.17"
chardet = ">=3.0.2,<5"
idna = ">=2.5,<3"
urllib3 = ">=1.21.1,<1.27"

[package.extras]
security = ["pyOpenSSL (>=0.14)", "cryptography (>=1.3.4)"]
socks = ["PySocks (>=1.5.6,!=1.5.7)", "win-inet-pton"]

[[package]]
name = "selenium"
version = "3.141.0"
description = "Python bindings for Selenium"
category = "dev"
optional = false
python-versions = "*"

[package.dependencies]
urllib3 = "*"

[[package]]
name = "toml"
version = "0.10.2"
description = "Python Library for Tom's Obvious, Minimal Language"
category = "dev"
optional = false
python-versions = ">=2.6, !=3.0.*, !=3.1.*, !=3.2.*"

[[package]]
name = "urllib3"
version = "1.26.4"
description = "HTTP library with thread-safe connection pooling, file post, and more."
category = "main"
optional = false
python-versions = ">=2.7, !=3.0.*, !=3.1.*, !=3.2.*, !=3.3.*, !=3.4.*, <4"

[package.extras]
secure = ["pyOpenSSL (>=0.14)", "cryptography (>=1.3.4)", "idna (>=2.0.0)", "certifi", "ipaddress"]
socks = ["PySocks (>=1.5.6,!=1.5.7,<2.0)"]
brotli = ["brotlipy (>=0.6.0)"]

[[package]]
name = "werkzeug"
version = "1.0.1"
description = "The comprehensive WSGI web application library."
category = "main"
optional = false
python-versions = ">=2.7, !=3.0.*, !=3.1.*, !=3.2.*, !=3.3.*, !=3.4.*"

[package.extras]
dev = ["pytest", "pytest-timeout", "coverage", "tox", "sphinx", "pallets-sphinx-themes", "sphinx-issues"]
watchdog = ["watchdog"]

[[package]]
name = "wrapt"
version = "1.12.1"
description = "Module for decorators, wrappers and monkey patching."
category = "dev"
optional = false
python-versions = "*"

[metadata]
lock-version = "1.1"
python-versions = "^3.9"
content-hash = "90eb96022ca02f25196f5360f1351fc51c000461ee1e0b1bb3477163a00a29fb"

[metadata.files]
astroid = [
    {file = "astroid-2.5.6-py3-none-any.whl", hash = "sha256:4db03ab5fc3340cf619dbc25e42c2cc3755154ce6009469766d7143d1fc2ee4e"},
    {file = "astroid-2.5.6.tar.gz", hash = "sha256:8a398dfce302c13f14bab13e2b14fe385d32b73f4e4853b9bdfb64598baa1975"},
]
atomicwrites = [
    {file = "atomicwrites-1.4.0-py2.py3-none-any.whl", hash = "sha256:6d1784dea7c0c8d4a5172b6c620f40b6e4cbfdf96d783691f2e1302a7b88e197"},
    {file = "atomicwrites-1.4.0.tar.gz", hash = "sha256:ae70396ad1a434f9c7046fd2dd196fc04b12f9e91ffb859164193be8b6168a7a"},
]
attrs = [
    {file = "attrs-21.2.0-py2.py3-none-any.whl", hash = "sha256:149e90d6d8ac20db7a955ad60cf0e6881a3f20d37096140088356da6c716b0b1"},
    {file = "attrs-21.2.0.tar.gz", hash = "sha256:ef6aaac3ca6cd92904cdd0d83f629a15f18053ec84e6432106f7a4d04ae4f5fb"},
]
autopep8 = [
    {file = "autopep8-1.5.7-py2.py3-none-any.whl", hash = "sha256:aa213493c30dcdac99537249ee65b24af0b2c29f2e83cd8b3f68760441ed0db9"},
    {file = "autopep8-1.5.7.tar.gz", hash = "sha256:276ced7e9e3cb22e5d7c14748384a5cf5d9002257c0ed50c0e075b68011bb6d0"},
]
certifi = [
    {file = "certifi-2020.12.5-py2.py3-none-any.whl", hash = "sha256:719a74fb9e33b9bd44cc7f3a8d94bc35e4049deebe19ba7d8e108280cfd59830"},
    {file = "certifi-2020.12.5.tar.gz", hash = "sha256:1a4995114262bffbc2413b159f2a1a480c969de6e6eb13ee966d470af86af59c"},
]
chardet = [
    {file = "chardet-4.0.0-py2.py3-none-any.whl", hash = "sha256:f864054d66fd9118f2e67044ac8981a54775ec5b67aed0441892edb553d21da5"},
    {file = "chardet-4.0.0.tar.gz", hash = "sha256:0d6f53a15db4120f2b08c94f11e7d93d2c911ee118b6b30a04ec3ee8310179fa"},
]
click = [
    {file = "click-7.1.2-py2.py3-none-any.whl", hash = "sha256:dacca89f4bfadd5de3d7489b7c8a566eee0d3676333fbb50030263894c38c0dc"},
    {file = "click-7.1.2.tar.gz", hash = "sha256:d2b5255c7c6349bc1bd1e59e08cd12acbbd63ce649f2588755783aa94dfb6b1a"},
]
colorama = [
    {file = "colorama-0.4.4-py2.py3-none-any.whl", hash = "sha256:9f47eda37229f68eee03b24b9748937c7dc3868f906e8ba69fbcbdd3bc5dc3e2"},
    {file = "colorama-0.4.4.tar.gz", hash = "sha256:5941b2b48a20143d2267e95b1c2a7603ce057ee39fd88e7329b0c292aa16869b"},
]
dnspython = [
    {file = "dnspython-1.16.0-py2.py3-none-any.whl", hash = "sha256:f69c21288a962f4da86e56c4905b49d11aba7938d3d740e80d9e366ee4f1632d"},
    {file = "dnspython-1.16.0.zip", hash = "sha256:36c5e8e38d4369a08b6780b7f27d790a292b2b08eea01607865bf0936c558e01"},
]
flask = [
    {file = "Flask-1.1.4-py2.py3-none-any.whl", hash = "sha256:c34f04500f2cbbea882b1acb02002ad6fe6b7ffa64a6164577995657f50aed22"},
    {file = "Flask-1.1.4.tar.gz", hash = "sha256:0fbeb6180d383a9186d0d6ed954e0042ad9f18e0e8de088b2b419d526927d196"},
]
flask-login = [
    {file = "Flask-Login-0.5.0.tar.gz", hash = "sha256:6d33aef15b5bcead780acc339464aae8a6e28f13c90d8b1cf9de8b549d1c0b4b"},
    {file = "Flask_Login-0.5.0-py2.py3-none-any.whl", hash = "sha256:7451b5001e17837ba58945aead261ba425fdf7b4f0448777e597ddab39f4fba0"},
]
gunicorn = [
    {file = "gunicorn-20.1.0-py3-none-any.whl", hash = "sha256:9dcc4547dbb1cb284accfb15ab5667a0e5d1881cc443e0677b4882a4067a807e"},
    {file = "gunicorn-20.1.0.tar.gz", hash = "sha256:e0a968b5ba15f8a328fdfd7ab1fcb5af4470c28aaf7e55df02a99bc13138e6e8"},
]
idna = [
    {file = "idna-2.10-py2.py3-none-any.whl", hash = "sha256:b97d804b1e9b523befed77c48dacec60e6dcb0b5391d57af6a65a312a90648c0"},
    {file = "idna-2.10.tar.gz", hash = "sha256:b307872f855b18632ce0c21c5e45be78c0ea7ae4c15c828c20788b26921eb3f6"},
]
iniconfig = [
    {file = "iniconfig-1.1.1-py2.py3-none-any.whl", hash = "sha256:011e24c64b7f47f6ebd835bb12a743f2fbe9a26d4cecaa7f53bc4f35ee9da8b3"},
    {file = "iniconfig-1.1.1.tar.gz", hash = "sha256:bc3af051d7d14b2ee5ef9969666def0cd1a000e121eaea580d4a313df4b37f32"},
]
isort = [
    {file = "isort-5.8.0-py3-none-any.whl", hash = "sha256:2bb1680aad211e3c9944dbce1d4ba09a989f04e238296c87fe2139faa26d655d"},
    {file = "isort-5.8.0.tar.gz", hash = "sha256:0a943902919f65c5684ac4e0154b1ad4fac6dcaa5d9f3426b732f1c8b5419be6"},
]
itsdangerous = [
    {file = "itsdangerous-1.1.0-py2.py3-none-any.whl", hash = "sha256:b12271b2047cb23eeb98c8b5622e2e5c5e9abd9784a153e9d8ef9cb4dd09d749"},
    {file = "itsdangerous-1.1.0.tar.gz", hash = "sha256:321b033d07f2a4136d3ec762eac9f16a10ccd60f53c0c91af90217ace7ba1f19"},
]
jinja2 = [
    {file = "Jinja2-2.11.3-py2.py3-none-any.whl", hash = "sha256:03e47ad063331dd6a3f04a43eddca8a966a26ba0c5b7207a9a9e4e08f1b29419"},
    {file = "Jinja2-2.11.3.tar.gz", hash = "sha256:a6d58433de0ae800347cab1fa3043cebbabe8baa9d29e668f1c768cb87a333c6"},
]
lazy-object-proxy = [
    {file = "lazy-object-proxy-1.6.0.tar.gz", hash = "sha256:489000d368377571c6f982fba6497f2aa13c6d1facc40660963da62f5c379726"},
    {file = "lazy_object_proxy-1.6.0-cp27-cp27m-macosx_10_14_x86_64.whl", hash = "sha256:c6938967f8528b3668622a9ed3b31d145fab161a32f5891ea7b84f6b790be05b"},
    {file = "lazy_object_proxy-1.6.0-cp27-cp27m-win32.whl", hash = "sha256:ebfd274dcd5133e0afae738e6d9da4323c3eb021b3e13052d8cbd0e457b1256e"},
    {file = "lazy_object_proxy-1.6.0-cp27-cp27m-win_amd64.whl", hash = "sha256:ed361bb83436f117f9917d282a456f9e5009ea12fd6de8742d1a4752c3017e93"},
    {file = "lazy_object_proxy-1.6.0-cp27-cp27mu-manylinux1_x86_64.whl", hash = "sha256:d900d949b707778696fdf01036f58c9876a0d8bfe116e8d220cfd4b15f14e741"},
    {file = "lazy_object_proxy-1.6.0-cp36-cp36m-manylinux1_x86_64.whl", hash = "sha256:5743a5ab42ae40caa8421b320ebf3a998f89c85cdc8376d6b2e00bd12bd1b587"},
    {file = "lazy_object_proxy-1.6.0-cp36-cp36m-manylinux2014_aarch64.whl", hash = "sha256:bf34e368e8dd976423396555078def5cfc3039ebc6fc06d1ae2c5a65eebbcde4"},
    {file = "lazy_object_proxy-1.6.0-cp36-cp36m-win32.whl", hash = "sha256:b579f8acbf2bdd9ea200b1d5dea36abd93cabf56cf626ab9c744a432e15c815f"},
    {file = "lazy_object_proxy-1.6.0-cp36-cp36m-win_amd64.whl", hash = "sha256:4f60460e9f1eb632584c9685bccea152f4ac2130e299784dbaf9fae9f49891b3"},
    {file = "lazy_object_proxy-1.6.0-cp37-cp37m-manylinux1_x86_64.whl", hash = "sha256:d7124f52f3bd259f510651450e18e0fd081ed82f3c08541dffc7b94b883aa981"},
    {file = "lazy_object_proxy-1.6.0-cp37-cp37m-manylinux2014_aarch64.whl", hash = "sha256:22ddd618cefe54305df49e4c069fa65715be4ad0e78e8d252a33debf00f6ede2"},
    {file = "lazy_object_proxy-1.6.0-cp37-cp37m-win32.whl", hash = "sha256:9d397bf41caad3f489e10774667310d73cb9c4258e9aed94b9ec734b34b495fd"},
    {file = "lazy_object_proxy-1.6.0-cp37-cp37m-win_amd64.whl", hash = "sha256:24a5045889cc2729033b3e604d496c2b6f588c754f7a62027ad4437a7ecc4837"},
    {file = "lazy_object_proxy-1.6.0-cp38-cp38-manylinux1_x86_64.whl", hash = "sha256:17e0967ba374fc24141738c69736da90e94419338fd4c7c7bef01ee26b339653"},
    {file = "lazy_object_proxy-1.6.0-cp38-cp38-manylinux2014_aarch64.whl", hash = "sha256:410283732af311b51b837894fa2f24f2c0039aa7f220135192b38fcc42bd43d3"},
    {file = "lazy_object_proxy-1.6.0-cp38-cp38-win32.whl", hash = "sha256:85fb7608121fd5621cc4377a8961d0b32ccf84a7285b4f1d21988b2eae2868e8"},
    {file = "lazy_object_proxy-1.6.0-cp38-cp38-win_amd64.whl", hash = "sha256:d1c2676e3d840852a2de7c7d5d76407c772927addff8d742b9808fe0afccebdf"},
    {file = "lazy_object_proxy-1.6.0-cp39-cp39-macosx_10_14_x86_64.whl", hash = "sha256:b865b01a2e7f96db0c5d12cfea590f98d8c5ba64ad222300d93ce6ff9138bcad"},
    {file = "lazy_object_proxy-1.6.0-cp39-cp39-manylinux1_x86_64.whl", hash = "sha256:4732c765372bd78a2d6b2150a6e99d00a78ec963375f236979c0626b97ed8e43"},
    {file = "lazy_object_proxy-1.6.0-cp39-cp39-manylinux2014_aarch64.whl", hash = "sha256:9698110e36e2df951c7c36b6729e96429c9c32b3331989ef19976592c5f3c77a"},
    {file = "lazy_object_proxy-1.6.0-cp39-cp39-win32.whl", hash = "sha256:1fee665d2638491f4d6e55bd483e15ef21f6c8c2095f235fef72601021e64f61"},
    {file = "lazy_object_proxy-1.6.0-cp39-cp39-win_amd64.whl", hash = "sha256:f5144c75445ae3ca2057faac03fda5a902eff196702b0a24daf1d6ce0650514b"},
]
markupsafe = [
    {file = "MarkupSafe-2.0.1-cp36-cp36m-macosx_10_9_x86_64.whl", hash = "sha256:f9081981fe268bd86831e5c75f7de206ef275defcb82bc70740ae6dc507aee51"},
    {file = "MarkupSafe-2.0.1-cp36-cp36m-manylinux1_i686.whl", hash = "sha256:0955295dd5eec6cb6cc2fe1698f4c6d84af2e92de33fbcac4111913cd100a6ff"},
    {file = "MarkupSafe-2.0.1-cp36-cp36m-manylinux1_x86_64.whl", hash = "sha256:0446679737af14f45767963a1a9ef7620189912317d095f2d9ffa183a4d25d2b"},
    {file = "MarkupSafe-2.0.1-cp36-cp36m-manylinux2010_i686.whl", hash = "sha256:f826e31d18b516f653fe296d967d700fddad5901ae07c622bb3705955e1faa94"},
    {file = "MarkupSafe-2.0.1-cp36-cp36m-manylinux2010_x86_64.whl", hash = "sha256:fa130dd50c57d53368c9d59395cb5526eda596d3ffe36666cd81a44d56e48872"},
    {file = "MarkupSafe-2.0.1-cp36-cp36m-manylinux2014_aarch64.whl", hash = "sha256:905fec760bd2fa1388bb5b489ee8ee5f7291d692638ea5f67982d968366bef9f"},
    {file = "MarkupSafe-2.0.1-cp36-cp36m-win32.whl", hash = "sha256:6c4ca60fa24e85fe25b912b01e62cb969d69a23a5d5867682dd3e80b5b02581d"},
    {file = "MarkupSafe-2.0.1-cp36-cp36m-win_amd64.whl", hash = "sha256:b2f4bf27480f5e5e8ce285a8c8fd176c0b03e93dcc6646477d4630e83440c6a9"},
    {file = "MarkupSafe-2.0.1-cp37-cp37m-macosx_10_9_x86_64.whl", hash = "sha256:0717a7390a68be14b8c793ba258e075c6f4ca819f15edfc2a3a027c823718567"},
    {file = "MarkupSafe-2.0.1-cp37-cp37m-manylinux1_i686.whl", hash = "sha256:6557b31b5e2c9ddf0de32a691f2312a32f77cd7681d8af66c2692efdbef84c18"},
    {file = "MarkupSafe-2.0.1-cp37-cp37m-manylinux1_x86_64.whl", hash = "sha256:49e3ceeabbfb9d66c3aef5af3a60cc43b85c33df25ce03d0031a608b0a8b2e3f"},
    {file = "MarkupSafe-2.0.1-cp37-cp37m-manylinux2010_i686.whl", hash = "sha256:d7f9850398e85aba693bb640262d3611788b1f29a79f0c93c565694658f4071f"},
    {file = "MarkupSafe-2.0.1-cp37-cp37m-manylinux2010_x86_64.whl", hash = "sha256:6a7fae0dd14cf60ad5ff42baa2e95727c3d81ded453457771d02b7d2b3f9c0c2"},
    {file = "MarkupSafe-2.0.1-cp37-cp37m-manylinux2014_aarch64.whl", hash = "sha256:b7f2d075102dc8c794cbde1947378051c4e5180d52d276987b8d28a3bd58c17d"},
    {file = "MarkupSafe-2.0.1-cp37-cp37m-win32.whl", hash = "sha256:a30e67a65b53ea0a5e62fe23682cfe22712e01f453b95233b25502f7c61cb415"},
    {file = "MarkupSafe-2.0.1-cp37-cp37m-win_amd64.whl", hash = "sha256:611d1ad9a4288cf3e3c16014564df047fe08410e628f89805e475368bd304914"},
    {file = "MarkupSafe-2.0.1-cp38-cp38-macosx_10_9_x86_64.whl", hash = "sha256:be98f628055368795d818ebf93da628541e10b75b41c559fdf36d104c5787066"},
    {file = "MarkupSafe-2.0.1-cp38-cp38-manylinux1_i686.whl", hash = "sha256:1d609f577dc6e1aa17d746f8bd3c31aa4d258f4070d61b2aa5c4166c1539de35"},
    {file = "MarkupSafe-2.0.1-cp38-cp38-manylinux1_x86_64.whl", hash = "sha256:7d91275b0245b1da4d4cfa07e0faedd5b0812efc15b702576d103293e252af1b"},
    {file = "MarkupSafe-2.0.1-cp38-cp38-manylinux2010_i686.whl", hash = "sha256:01a9b8ea66f1658938f65b93a85ebe8bc016e6769611be228d797c9d998dd298"},
    {file = "MarkupSafe-2.0.1-cp38-cp38-manylinux2010_x86_64.whl", hash = "sha256:47ab1e7b91c098ab893b828deafa1203de86d0bc6ab587b160f78fe6c4011f75"},
    {file = "MarkupSafe-2.0.1-cp38-cp38-manylinux2014_aarch64.whl", hash = "sha256:97383d78eb34da7e1fa37dd273c20ad4320929af65d156e35a5e2d89566d9dfb"},
    {file = "MarkupSafe-2.0.1-cp38-cp38-win32.whl", hash = "sha256:023cb26ec21ece8dc3907c0e8320058b2e0cb3c55cf9564da612bc325bed5e64"},
    {file = "MarkupSafe-2.0.1-cp38-cp38-win_amd64.whl", hash = "sha256:984d76483eb32f1bcb536dc27e4ad56bba4baa70be32fa87152832cdd9db0833"},
    {file = "MarkupSafe-2.0.1-cp39-cp39-macosx_10_9_universal2.whl", hash = "sha256:2ef54abee730b502252bcdf31b10dacb0a416229b72c18b19e24a4509f273d26"},
    {file = "MarkupSafe-2.0.1-cp39-cp39-macosx_10_9_x86_64.whl", hash = "sha256:3c112550557578c26af18a1ccc9e090bfe03832ae994343cfdacd287db6a6ae7"},
    {file = "MarkupSafe-2.0.1-cp39-cp39-manylinux1_i686.whl", hash = "sha256:53edb4da6925ad13c07b6d26c2a852bd81e364f95301c66e930ab2aef5b5ddd8"},
    {file = "MarkupSafe-2.0.1-cp39-cp39-manylinux1_x86_64.whl", hash = "sha256:f5653a225f31e113b152e56f154ccbe59eeb1c7487b39b9d9f9cdb58e6c79dc5"},
    {file = "MarkupSafe-2.0.1-cp39-cp39-manylinux2010_i686.whl", hash = "sha256:4efca8f86c54b22348a5467704e3fec767b2db12fc39c6d963168ab1d3fc9135"},
    {file = "MarkupSafe-2.0.1-cp39-cp39-manylinux2010_x86_64.whl", hash = "sha256:ab3ef638ace319fa26553db0624c4699e31a28bb2a835c5faca8f8acf6a5a902"},
    {file = "MarkupSafe-2.0.1-cp39-cp39-manylinux2014_aarch64.whl", hash = "sha256:f8ba0e8349a38d3001fae7eadded3f6606f0da5d748ee53cc1dab1d6527b9509"},
    {file = "MarkupSafe-2.0.1-cp39-cp39-win32.whl", hash = "sha256:10f82115e21dc0dfec9ab5c0223652f7197feb168c940f3ef61563fc2d6beb74"},
    {file = "MarkupSafe-2.0.1-cp39-cp39-win_amd64.whl", hash = "sha256:693ce3f9e70a6cf7d2fb9e6c9d8b204b6b39897a2c4a1aa65728d5ac97dcc1d8"},
    {file = "MarkupSafe-2.0.1.tar.gz", hash = "sha256:594c67807fb16238b30c44bdf74f36c02cdf22d1c8cda91ef8a0ed8dabf5620a"},
]
mccabe = [
    {file = "mccabe-0.6.1-py2.py3-none-any.whl", hash = "sha256:ab8a6258860da4b6677da4bd2fe5dc2c659cff31b3ee4f7f5d64e79735b80d42"},
    {file = "mccabe-0.6.1.tar.gz", hash = "sha256:dd8d182285a0fe56bace7f45b5e7d1a6ebcbf524e8f3bd87eb0f125271b8831f"},
]
oauthlib = [
    {file = "oauthlib-3.1.1-py2.py3-none-any.whl", hash = "sha256:42bf6354c2ed8c6acb54d971fce6f88193d97297e18602a3a886603f9d7730cc"},
    {file = "oauthlib-3.1.1.tar.gz", hash = "sha256:8f0215fcc533dd8dd1bee6f4c412d4f0cd7297307d43ac61666389e3bc3198a3"},
]
packaging = [
    {file = "packaging-20.9-py2.py3-none-any.whl", hash = "sha256:67714da7f7bc052e064859c05c595155bd1ee9f69f76557e21f051443c20947a"},
    {file = "packaging-20.9.tar.gz", hash = "sha256:5b327ac1320dc863dca72f4514ecc086f31186744b84a230374cc1fd776feae5"},
]
pluggy = [
    {file = "pluggy-0.13.1-py2.py3-none-any.whl", hash = "sha256:966c145cd83c96502c3c3868f50408687b38434af77734af1e9ca461a4081d2d"},
    {file = "pluggy-0.13.1.tar.gz", hash = "sha256:15b2acde666561e1298d71b523007ed7364de07029219b604cf808bfa1c765b0"},
]
py = [
    {file = "py-1.10.0-py2.py3-none-any.whl", hash = "sha256:3b80836aa6d1feeaa108e046da6423ab8f6ceda6468545ae8d02d9d58d18818a"},
    {file = "py-1.10.0.tar.gz", hash = "sha256:21b81bda15b66ef5e1a777a21c4dcd9c20ad3efd0b3f817e7a809035269e1bd3"},
]
pycodestyle = [
    {file = "pycodestyle-2.7.0-py2.py3-none-any.whl", hash = "sha256:514f76d918fcc0b55c6680472f0a37970994e07bbb80725808c17089be302068"},
    {file = "pycodestyle-2.7.0.tar.gz", hash = "sha256:c389c1d06bf7904078ca03399a4816f974a1d590090fecea0c63ec26ebaf1cef"},
]
pylint = [
    {file = "pylint-2.8.2-py3-none-any.whl", hash = "sha256:f7e2072654a6b6afdf5e2fb38147d3e2d2d43c89f648637baab63e026481279b"},
    {file = "pylint-2.8.2.tar.gz", hash = "sha256:586d8fa9b1891f4b725f587ef267abe2a1bad89d6b184520c7f07a253dd6e217"},
]
pymongo = [
    {file = "pymongo-3.12.1-cp27-cp27m-macosx_10_14_intel.whl", hash = "sha256:c4653830375ab019b86d218c749ad38908b74182b2863d09936aa8d7f990d30e"},
    {file = "pymongo-3.12.1-cp27-cp27m-manylinux1_i686.whl", hash = "sha256:2462a68f6675da548e333fa299d8e9807e00f95a4d198cfe9194d7be69f40c9b"},
    {file = "pymongo-3.12.1-cp27-cp27m-manylinux1_x86_64.whl", hash = "sha256:4168b6c425d783e81723fc3dc382d374a228ff29530436a472a36d9f27593e73"},
    {file = "pymongo-3.12.1-cp27-cp27m-manylinux_2_5_i686.manylinux1_i686.whl", hash = "sha256:36806ee53a85c3ba73939652f2ced2961e6a77cfbae385cd83f2e24cd97964b7"},
    {file = "pymongo-3.12.1-cp27-cp27m-manylinux_2_5_x86_64.manylinux1_x86_64.whl", hash = "sha256:bf2d9d62178bb5c05e77d40becf89c309b1966fbcfb5c306238f81bf1ec2d6a2"},
    {file = "pymongo-3.12.1-cp27-cp27m-win32.whl", hash = "sha256:75c7ef67b4b8ec070e7a4740764f6c03ec9246b59d95e2ae45c029d41cb9efa1"},
    {file = "pymongo-3.12.1-cp27-cp27m-win_amd64.whl", hash = "sha256:49b0d92724d3fce1174fd30b0b428595072d5c6b14d6203e46a9ea347ae7b439"},
    {file = "pymongo-3.12.1-cp27-cp27mu-manylinux1_i686.whl", hash = "sha256:cef2675004d85d85a4ccc24730b73a99931547368d18ceeed1259a2d9fcddbc1"},
    {file = "pymongo-3.12.1-cp27-cp27mu-manylinux1_x86_64.whl", hash = "sha256:5e3833c001a04aa06a28c6fd9628256862a654c09b0f81c07734b5629bc014ab"},
    {file = "pymongo-3.12.1-cp27-cp27mu-manylinux_2_5_i686.manylinux1_i686.whl", hash = "sha256:6a96c04ce39d66df60d9ce89f4c254c4967bc7d9e2e2c52adc58f47be826ee96"},
    {file = "pymongo-3.12.1-cp27-cp27mu-manylinux_2_5_x86_64.manylinux1_x86_64.whl", hash = "sha256:c2a17752f97a942bdb4ff4a0516a67c5ade1658ebe1ab2edacdec0b42e39fa75"},
    {file = "pymongo-3.12.1-cp310-cp310-macosx_10_9_universal2.whl", hash = "sha256:02e0c088f189ca69fac094cb5f851b43bbbd7cec42114495777d4d8f297f7f8a"},
    {file = "pymongo-3.12.1-cp310-cp310-manylinux1_i686.whl", hash = "sha256:45d6b47d70ed44e3c40bef618ed61866c48176e7e5dff80d06d8b1a6192e8584"},
    {file = "pymongo-3.12.1-cp310-cp310-manylinux2014_aarch64.whl", hash = "sha256:891f541c7ed29b95799da0cd249ae1db1842777b564e8205a197b038c5df6135"},
    {file = "pymongo-3.12.1-cp310-cp310-manylinux2014_i686.whl", hash = "sha256:dc4749c230a71b34db50ac2481d9008bb17b67c92671c443c3b40e192fbea78e"},
    {file = "pymongo-3.12.1-cp310-cp310-manylinux2014_ppc64le.whl", hash = "sha256:aa434534cc91f51a85e3099dc257ee8034b3d2be77f2ca58fb335a686e3a681f"},
    {file = "pymongo-3.12.1-cp310-cp310-manylinux2014_s390x.whl", hash = "sha256:180b405e17b90a877ea5dbc5efe7f4c171af4c89323148e100c0f12cedb86f12"},
    {file = "pymongo-3.12.1-cp310-cp310-manylinux2014_x86_64.whl", hash = "sha256:a472ca3d43d33e596ff5836c6cc71c3e61be33f44fe1cfdab4a1100f4af60333"},
    {file = "pymongo-3.12.1-cp310-cp310-manylinux_2_17_aarch64.manylinux2014_aarch64.whl", hash = "sha256:fe16517b275031d61261a4e3941c411fb7c46a9cd012f02381b56e7907cc9e06"},
    {file = "pymongo-3.12.1-cp310-cp310-manylinux_2_17_ppc64le.manylinux2014_ppc64le.whl", hash = "sha256:c0947d7be30335cb4c3d5d0983d8ebc8294ae52503cf1d596c926f7e7183900b"},
    {file = "pymongo-3.12.1-cp310-cp310-manylinux_2_17_s390x.manylinux2014_s390x.whl", hash = "sha256:adb37bf22d25a51b84d989a2a5c770d4514ac590201eea1cb50ce8c9c5257f1d"},
    {file = "pymongo-3.12.1-cp310-cp310-manylinux_2_17_x86_64.manylinux2014_x86_64.whl", hash = "sha256:5f5fe59328838fa28958cc06ecf94be585726b97d637012f168bc3c7abe4fd81"},
    {file = "pymongo-3.12.1-cp310-cp310-manylinux_2_5_i686.manylinux1_i686.manylinux_2_17_i686.manylinux2014_i686.whl", hash = "sha256:87114b995506e7584cf3daf891e419b5f6e7e383e7df6267494da3a76312aa22"},
    {file = "pymongo-3.12.1-cp310-cp310-win32.whl", hash = "sha256:4f4bc64fe9cbd70d46f519f1e88c9e4677f7af18ab9cd4942abce2bcfa7549c3"},
    {file = "pymongo-3.12.1-cp310-cp310-win_amd64.whl", hash = "sha256:8f87f53c9cd89010ae45490ec2c963ff18b31f5f290dc08b04151709589fe8d9"},
    {file = "pymongo-3.12.1-cp34-cp34m-macosx_10_6_intel.whl", hash = "sha256:37a63da5ee623acdf98e6d511171c8a5827a6106b0712c18af4441ef4f11e6be"},
    {file = "pymongo-3.12.1-cp34-cp34m-manylinux1_i686.whl", hash = "sha256:b1b06038c9940a49c73db0aeb0f6809b308e198da1326171768cf68d843af521"},
    {file = "pymongo-3.12.1-cp34-cp34m-manylinux1_x86_64.whl", hash = "sha256:ab27d6d7d41a66d9e54269a290d27cd5c74f08e9add0054a754b4821026c4f42"},
    {file = "pymongo-3.12.1-cp34-cp34m-win32.whl", hash = "sha256:63be03f7ae1e15e72a234637ec7941ef229c7ab252c9ff6af48bba1e5418961c"},
    {file = "pymongo-3.12.1-cp34-cp34m-win_amd64.whl", hash = "sha256:56feb80ea1f5334ccab9bd16a5161571ab70392e51fcc752fb8a1dc67125f663"},
    {file = "pymongo-3.12.1-cp35-cp35m-macosx_10_6_intel.whl", hash = "sha256:a81e52dbf95f236a0c89a5abcd2b6e1331da0c0312f471c73fae76c79d2acf6b"},
    {file = "pymongo-3.12.1-cp35-cp35m-manylinux1_i686.whl", hash = "sha256:712de1876608fd5d76abc3fc8ec55077278dd5044073fbe9492631c9a2c58351"},
    {file = "pymongo-3.12.1-cp35-cp35m-manylinux1_x86_64.whl", hash = "sha256:47ed77f62c8417a86f9ad158b803f3459a636386cb9d3d4e9e7d6a82d051f907"},
    {file = "pymongo-3.12.1-cp35-cp35m-manylinux_2_5_i686.manylinux1_i686.whl", hash = "sha256:1fa6f08ddb6975371777f97592d35c771e713ee2250e55618148a5e57e260aff"},
    {file = "pymongo-3.12.1-cp35-cp35m-manylinux_2_5_x86_64.manylinux1_x86_64.whl", hash = "sha256:3a2fcbd04273a509fa85285d9eccf17ab65ce440bd4f5e5a58c978e563cd9e9a"},
    {file = "pymongo-3.12.1-cp35-cp35m-win32.whl", hash = "sha256:d1b98539b0de822b6f717498e59ae3e5ae2e7f564370ab513e6d0c060753e447"},
    {file = "pymongo-3.12.1-cp35-cp35m-win_amd64.whl", hash = "sha256:c660fd1e4a4b52f79f7d134a3d31d452948477b7f46ff5061074a534c5805ba6"},
    {file = "pymongo-3.12.1-cp36-cp36m-macosx_10_6_intel.whl", hash = "sha256:460bdaa3f65ddb5b7474ae08589a1763b5da1a78b8348351b9ba1c63b459d67d"},
    {file = "pymongo-3.12.1-cp36-cp36m-manylinux1_i686.whl", hash = "sha256:1d55982e5335925c55e2b87467043866ce72bd30ea7e7e3eeed6ec3d95a806d4"},
    {file = "pymongo-3.12.1-cp36-cp36m-manylinux1_x86_64.whl", hash = "sha256:67e0b2ad3692f6d0335ae231a40de55ec395b6c2e971ad6f55b162244d1ec542"},
    {file = "pymongo-3.12.1-cp36-cp36m-manylinux2014_aarch64.whl", hash = "sha256:515e4708d6567901ffc06476a38abe2c9093733f52638235d9f149579c1d3de0"},
    {file = "pymongo-3.12.1-cp36-cp36m-manylinux2014_i686.whl", hash = "sha256:ed20ec5a01c43254f6047c5d8124b70d28e39f128c8ad960b437644fe94e1827"},
    {file = "pymongo-3.12.1-cp36-cp36m-manylinux2014_ppc64le.whl", hash = "sha256:e2bccadbe313b11704160aaba5eec95d2da1aa663f02f41d2d1520d02bbbdcd5"},
    {file = "pymongo-3.12.1-cp36-cp36m-manylinux2014_s390x.whl", hash = "sha256:ef8b927813c27c3bdfc82c55682d7767403bcdadfd9f9c0fc49f4be4553a877b"},
    {file = "pymongo-3.12.1-cp36-cp36m-manylinux2014_x86_64.whl", hash = "sha256:2d3abe548a280b49269c7907d5b71199882510c484d680a5ea7860f30c4a695f"},
    {file = "pymongo-3.12.1-cp36-cp36m-manylinux_2_17_aarch64.manylinux2014_aarch64.whl", hash = "sha256:e30cce3cc86d6082c8596b3fbee0d4f54bc4d337a4fa1bf536920e2e319e24f0"},
    {file = "pymongo-3.12.1-cp36-cp36m-manylinux_2_17_ppc64le.manylinux2014_ppc64le.whl", hash = "sha256:fe3ae4294d593da54862f0140fdcc89d1aeeb94258ca97f094119ed7f0e5882d"},
    {file = "pymongo-3.12.1-cp36-cp36m-manylinux_2_17_s390x.manylinux2014_s390x.whl", hash = "sha256:9641be893ccce7d192a0094efd0a0d9f1783a1ebf314b4128f8a27bfadb8a77c"},
    {file = "pymongo-3.12.1-cp36-cp36m-manylinux_2_17_x86_64.manylinux2014_x86_64.whl", hash = "sha256:13a7c6d055af58a1e9c505e736da8b6a2e95ccc8cec10b008143f7a536e5de8a"},
    {file = "pymongo-3.12.1-cp36-cp36m-manylinux_2_5_i686.manylinux1_i686.manylinux_2_17_i686.manylinux2014_i686.whl", hash = "sha256:25fd76deabe9ea37c8360c362b32f702cc095a208dd1c5328189938ca7685847"},
    {file = "pymongo-3.12.1-cp36-cp36m-manylinux_2_5_i686.manylinux1_i686.whl", hash = "sha256:e841695b5dbea38909ab2dbf17e91e9a823412d8d88d1ef77f1b94a7bc551c0f"},
    {file = "pymongo-3.12.1-cp36-cp36m-manylinux_2_5_x86_64.manylinux1_x86_64.whl", hash = "sha256:6ead0126fb4424c6c6a4fdc603d699a9db7c03cdb8eac374c352a75fec8a820a"},
    {file = "pymongo-3.12.1-cp36-cp36m-win32.whl", hash = "sha256:a5dbeeea6a375fbd79448b48a54c46fc9351611a03ef8398d2a40b684ce46194"},
    {file = "pymongo-3.12.1-cp36-cp36m-win_amd64.whl", hash = "sha256:87db421c9eb915b8d9a9a13c5b2ee338350e36ee83e26ff0adfc48abc5db3ac3"},
    {file = "pymongo-3.12.1-cp37-cp37m-macosx_10_6_intel.whl", hash = "sha256:8851544168703fb519e95556e3b463fca4beeef7ed3f731d81a68c8268515d9d"},
    {file = "pymongo-3.12.1-cp37-cp37m-manylinux1_i686.whl", hash = "sha256:7d8cdd2f070c71366e64990653522cce84b08dc26ab0d1fa19aa8d14ee0cf9ba"},
    {file = "pymongo-3.12.1-cp37-cp37m-manylinux1_x86_64.whl", hash = "sha256:51437c77030bed72d57d8a61e22758e3c389b13fea7787c808030002bb05ca39"},
    {file = "pymongo-3.12.1-cp37-cp37m-manylinux2014_aarch64.whl", hash = "sha256:f43cacda46fc188f998e6d308afe1c61ff41dcb300949f4cbf731e9a0a5eb2d3"},
    {file = "pymongo-3.12.1-cp37-cp37m-manylinux2014_i686.whl", hash = "sha256:1a7b138a04fdd17849930dc8bf664002e17db38448850bfb96d200c9c5a8b3a1"},
    {file = "pymongo-3.12.1-cp37-cp37m-manylinux2014_ppc64le.whl", hash = "sha256:444c00ebc20f2f9dc62e34f7dc9453dc2f5f5a72419c8dccad6e26d546c35712"},
    {file = "pymongo-3.12.1-cp37-cp37m-manylinux2014_s390x.whl", hash = "sha256:81ce5f871f5d8e82615c8bd0b34b68a9650204c8b1a04ce7890d58c98eb66e39"},
    {file = "pymongo-3.12.1-cp37-cp37m-manylinux2014_x86_64.whl", hash = "sha256:837cdef094f39c6f4a2967abc646a412999c2540fbf5d3cce1dd3b671f4b876c"},
    {file = "pymongo-3.12.1-cp37-cp37m-manylinux_2_17_aarch64.manylinux2014_aarch64.whl", hash = "sha256:2174d3279b8e2b6d7613b338f684cd78ff7adf1e7ec5b7b7bde5609a129c9898"},
    {file = "pymongo-3.12.1-cp37-cp37m-manylinux_2_17_ppc64le.manylinux2014_ppc64le.whl", hash = "sha256:303531649fa45f96b694054c1aa02f79bda32ef57affe42c5c339336717eed74"},
    {file = "pymongo-3.12.1-cp37-cp37m-manylinux_2_17_s390x.manylinux2014_s390x.whl", hash = "sha256:1821ce4e5a293313947fd017bbd2d2535aa6309680fa29b33d0442d15da296ec"},
    {file = "pymongo-3.12.1-cp37-cp37m-manylinux_2_17_x86_64.manylinux2014_x86_64.whl", hash = "sha256:15dae01341571d0af51526b7a21648ca575e9375e16ba045c9860848dfa8952f"},
    {file = "pymongo-3.12.1-cp37-cp37m-manylinux_2_5_i686.manylinux1_i686.manylinux_2_17_i686.manylinux2014_i686.whl", hash = "sha256:fcc021530b7c71069132fe4846d95a3cdd74d143adc2f7e398d5fabf610f111c"},
    {file = "pymongo-3.12.1-cp37-cp37m-manylinux_2_5_i686.manylinux1_i686.whl", hash = "sha256:f44bea60fd2178d7153deef9621c4b526a93939da30010bba24d3408a98b0f79"},
    {file = "pymongo-3.12.1-cp37-cp37m-manylinux_2_5_x86_64.manylinux1_x86_64.whl", hash = "sha256:6f0f0a10f128ea0898e607d351ebfabf70941494fc94e87f12c76e2894d8e6c4"},
    {file = "pymongo-3.12.1-cp37-cp37m-win32.whl", hash = "sha256:afb16330ab6efbbf995375ad94e970fa2f89bb46bd10d854b7047620fdb0d67d"},
    {file = "pymongo-3.12.1-cp37-cp37m-win_amd64.whl", hash = "sha256:dcf906c1f7a33e4222e4bff18da1554d69323bc4dd95fe867a6fa80709ee5f93"},
    {file = "pymongo-3.12.1-cp38-cp38-macosx_10_9_x86_64.whl", hash = "sha256:9b62d84478f471fdb0dcea3876acff38f146bd23cbdbed15074fb4622064ec2e"},
    {file = "pymongo-3.12.1-cp38-cp38-manylinux1_i686.whl", hash = "sha256:48722e91981bb22a16b0431ea01da3e1cc5b96805634d3b8d3c2a5315c1ce7f1"},
    {file = "pymongo-3.12.1-cp38-cp38-manylinux1_x86_64.whl", hash = "sha256:d6c6989c10008ac70c2bb2ad2b940fcfe883712746c89f7e3308c14c213a70d7"},
    {file = "pymongo-3.12.1-cp38-cp38-manylinux2014_aarch64.whl", hash = "sha256:573e2387d0686976642142c50740dfc4d3494cc627e2a7d22782b99f70879055"},
    {file = "pymongo-3.12.1-cp38-cp38-manylinux2014_i686.whl", hash = "sha256:7117bfd8827cfe550f65a3c399dcd6e02226197a91c6d11a3540c3e8efc686d6"},
    {file = "pymongo-3.12.1-cp38-cp38-manylinux2014_ppc64le.whl", hash = "sha256:6eb6789f26c398c383225e1313c8e75a7d290d323b8eaf65f3f3ddd0eb8a5a3c"},
    {file = "pymongo-3.12.1-cp38-cp38-manylinux2014_s390x.whl", hash = "sha256:138248c542051eb462f88b50b0267bd5286d6661064bab06faa0ef6ac30cdb4b"},
    {file = "pymongo-3.12.1-cp38-cp38-manylinux2014_x86_64.whl", hash = "sha256:7abc87e45b572eb6d17a50422e69a9e5d6f13e691e821fe2312df512500faa50"},
    {file = "pymongo-3.12.1-cp38-cp38-manylinux_2_17_aarch64.manylinux2014_aarch64.whl", hash = "sha256:a7430f3987d232e782304c109be1d0e6fff46ca6405cb2479e4d8d08cd29541e"},
    {file = "pymongo-3.12.1-cp38-cp38-manylinux_2_17_ppc64le.manylinux2014_ppc64le.whl", hash = "sha256:cb48ff6cc6109190e1ccf8ea1fc71cc244c9185813ce7d1c415dce991cfb8709"},
    {file = "pymongo-3.12.1-cp38-cp38-manylinux_2_17_s390x.manylinux2014_s390x.whl", hash = "sha256:68409171ab2aa7ccd6e8e839233e4b8ddeec246383c9a3698614e814739356f9"},
    {file = "pymongo-3.12.1-cp38-cp38-manylinux_2_17_x86_64.manylinux2014_x86_64.whl", hash = "sha256:13d74bf3435c1e58d8fafccc0d5e87f246ae2c6e9cbef4b35e32a1c3759e354f"},
    {file = "pymongo-3.12.1-cp38-cp38-manylinux_2_5_i686.manylinux1_i686.manylinux_2_17_i686.manylinux2014_i686.whl", hash = "sha256:849e641cfed05c75d772f9e9018f42c5fbd00655d43d52da1b9c56346fd3e4cc"},
    {file = "pymongo-3.12.1-cp38-cp38-manylinux_2_5_i686.manylinux1_i686.whl", hash = "sha256:5183b698d6542219e4135de583b57bc6286bd37df7f645b688278eb919bfa785"},
    {file = "pymongo-3.12.1-cp38-cp38-manylinux_2_5_x86_64.manylinux1_x86_64.whl", hash = "sha256:65f159c445761cab04b665fc448b3fc008aebc98e54fdcbfd1aff195ef1b1408"},
    {file = "pymongo-3.12.1-cp38-cp38-win32.whl", hash = "sha256:3b40e36d3036bfe69ba63ec8e746a390721f75467085a0384b528e1dda532c69"},
    {file = "pymongo-3.12.1-cp38-cp38-win_amd64.whl", hash = "sha256:58a67b3800476232f9989e533d0244060309451b436d46670a53e6d189f1a7e7"},
    {file = "pymongo-3.12.1-cp39-cp39-macosx_10_9_x86_64.whl", hash = "sha256:db3efec9dcecd96555d752215797816da40315d61878f90ca39c8e269791bf17"},
    {file = "pymongo-3.12.1-cp39-cp39-manylinux1_i686.whl", hash = "sha256:bfd073fea04061019a103a288847846b5ef40dfa2f73b940ed61e399ca95314f"},
    {file = "pymongo-3.12.1-cp39-cp39-manylinux1_x86_64.whl", hash = "sha256:5067c04d3b19c820faac6342854d887ade58e8d38c3db79b68c2a102bbb100e7"},
    {file = "pymongo-3.12.1-cp39-cp39-manylinux2014_aarch64.whl", hash = "sha256:1c4e51a3b69789b6f468a8e881a13f2d1e8f5e99e41f80fd44845e6ec0f701e1"},
    {file = "pymongo-3.12.1-cp39-cp39-manylinux2014_i686.whl", hash = "sha256:2fa101bb23619120673899694a65b094364269e597f551a87c4bdae3a474d726"},
    {file = "pymongo-3.12.1-cp39-cp39-manylinux2014_ppc64le.whl", hash = "sha256:eb65ec0255a0fccc47c87d44e505ef5180bfd71690bd5f84161b1f23949fb209"},
    {file = "pymongo-3.12.1-cp39-cp39-manylinux2014_s390x.whl", hash = "sha256:ed751a20840a31242e7bea566fcf93ba75bc11b33afe2777bbf46069c1af5094"},
    {file = "pymongo-3.12.1-cp39-cp39-manylinux2014_x86_64.whl", hash = "sha256:17238115e6d37f5423b046cb829f1ca02c4ea7edb163f5b8b88e0c975dc3fec9"},
    {file = "pymongo-3.12.1-cp39-cp39-manylinux_2_17_aarch64.manylinux2014_aarch64.whl", hash = "sha256:2fda3b3fb5c0d159195ab834b322a23808f1b059bcc7e475765abeddee6a2529"},
    {file = "pymongo-3.12.1-cp39-cp39-manylinux_2_17_ppc64le.manylinux2014_ppc64le.whl", hash = "sha256:6235bf2157aa46e53568ed79b70603aa8874baa202d5d1de82fa0eb917696e73"},
    {file = "pymongo-3.12.1-cp39-cp39-manylinux_2_17_s390x.manylinux2014_s390x.whl", hash = "sha256:e5d6428b8b422ba5205140e8be11722fa7292a0bedaa8bc80fb34c92eb19ba45"},
    {file = "pymongo-3.12.1-cp39-cp39-manylinux_2_17_x86_64.manylinux2014_x86_64.whl", hash = "sha256:b1e6d1cf4bd6552b5f519432cce1530c09e6b0aab98d44803b991f7e880bd332"},
    {file = "pymongo-3.12.1-cp39-cp39-manylinux_2_5_i686.manylinux1_i686.manylinux_2_17_i686.manylinux2014_i686.whl", hash = "sha256:287c2a0063267c1458c4ddf528b44063ce7f376a6436eea5bccd7f625bbc3b5e"},
    {file = "pymongo-3.12.1-cp39-cp39-manylinux_2_5_i686.manylinux1_i686.whl", hash = "sha256:4a2d73a9281faefb273a5448f6d25f44ebd311ada9eb79b6801ae890508fe231"},
    {file = "pymongo-3.12.1-cp39-cp39-manylinux_2_5_x86_64.manylinux1_x86_64.whl", hash = "sha256:6f07888e3b73c0dfa46f12d098760494f5f23fd66923a6615edfe486e6a7649c"},
    {file = "pymongo-3.12.1-cp39-cp39-win32.whl", hash = "sha256:77dddf596fb065de29fb39992fbc81301f7fd0003be649b7fa7448c77ca53bed"},
    {file = "pymongo-3.12.1-cp39-cp39-win_amd64.whl", hash = "sha256:979e34db4f3dc5710c18db437aaf282f691092b352e708cb2afd4df287698c76"},
    {file = "pymongo-3.12.1-py2.7-macosx-10.14-intel.egg", hash = "sha256:c04e84ccf590933a266180286d8b6a5fc844078a5d934432628301bd8b5f9ca7"},
    {file = "pymongo-3.12.1.tar.gz", hash = "sha256:704879b6a54c45ad76cea7c6789c1ae7185050acea7afd15b58318fa1932ed45"},
]
pyparsing = [
    {file = "pyparsing-2.4.7-py2.py3-none-any.whl", hash = "sha256:ef9d7589ef3c200abe66653d3f1ab1033c3c419ae9b9bdb1240a85b024efc88b"},
    {file = "pyparsing-2.4.7.tar.gz", hash = "sha256:c203ec8783bf771a155b207279b9bccb8dea02d8f0c9e5f8ead507bc3246ecc1"},
]
pytest = [
    {file = "pytest-6.2.4-py3-none-any.whl", hash = "sha256:91ef2131a9bd6be8f76f1f08eac5c5317221d6ad1e143ae03894b862e8976890"},
    {file = "pytest-6.2.4.tar.gz", hash = "sha256:50bcad0a0b9c5a72c8e4e7c9855a3ad496ca6a881a3641b4260605450772c54b"},
]
python-dotenv = [
    {file = "python-dotenv-0.14.0.tar.gz", hash = "sha256:8c10c99a1b25d9a68058a1ad6f90381a62ba68230ca93966882a4dbc3bc9c33d"},
    {file = "python_dotenv-0.14.0-py2.py3-none-any.whl", hash = "sha256:c10863aee750ad720f4f43436565e4c1698798d763b63234fb5021b6c616e423"},
]
requests = [
    {file = "requests-2.25.1-py2.py3-none-any.whl", hash = "sha256:c210084e36a42ae6b9219e00e48287def368a26d03a048ddad7bfee44f75871e"},
    {file = "requests-2.25.1.tar.gz", hash = "sha256:27973dd4a904a4f13b263a19c866c13b92a39ed1c964655f025f3f8d3d75b804"},
]
selenium = [
    {file = "selenium-3.141.0-py2.py3-none-any.whl", hash = "sha256:2d7131d7bc5a5b99a2d9b04aaf2612c411b03b8ca1b1ee8d3de5845a9be2cb3c"},
    {file = "selenium-3.141.0.tar.gz", hash = "sha256:deaf32b60ad91a4611b98d8002757f29e6f2c2d5fcaf202e1c9ad06d6772300d"},
]
toml = [
    {file = "toml-0.10.2-py2.py3-none-any.whl", hash = "sha256:806143ae5bfb6a3c6e736a764057db0e6a0e05e338b5630894a5f779cabb4f9b"},
    {file = "toml-0.10.2.tar.gz", hash = "sha256:b3bda1d108d5dd99f4a20d24d9c348e91c4db7ab1b749200bded2f839ccbe68f"},
]
urllib3 = [
    {file = "urllib3-1.26.4-py2.py3-none-any.whl", hash = "sha256:2f4da4594db7e1e110a944bb1b551fdf4e6c136ad42e4234131391e21eb5b0df"},
    {file = "urllib3-1.26.4.tar.gz", hash = "sha256:e7b021f7241115872f92f43c6508082facffbd1c048e3c6e2bb9c2a157e28937"},
]
werkzeug = [
    {file = "Werkzeug-1.0.1-py2.py3-none-any.whl", hash = "sha256:2de2a5db0baeae7b2d2664949077c2ac63fbd16d98da0ff71837f7d1dea3fd43"},
    {file = "Werkzeug-1.0.1.tar.gz", hash = "sha256:6c80b1e5ad3665290ea39320b91e1be1e0d5f60652b964a3070216de83d2e47c"},
]
wrapt = [
    {file = "wrapt-1.12.1.tar.gz", hash = "sha256:b62ffa81fb85f4332a4f609cab4ac40709470da05643a082ec1eb88e6d9b97d7"},
]
